
Microsoft Visual Studio Solution File, Format Version 12.00
# Visual Studio 14
VisualStudioVersion = 14.0.23107.0
MinimumVisualStudioVersion = 10.0.40219.1
Project("{FAE04EC0-301F-11D3-BF4B-00C04F79EFBC}") = "HackerFinder", "HackerFinder\HackerFinder.csproj", "{25DCCD64-4FCB-4A3A-A212-D53A83D77167}"
EndProject
Project("{FAE04EC0-301F-11D3-BF4B-00C04F79EFBC}") = "HackerFinder.Test", "HackerFinder.Test\HackerFinder.Test.csproj", "{E58BE274-5901-4680-BC74-160240ABC906}"
EndProject
Project("{FAE04EC0-301F-11D3-BF4B-00C04F79EFBC}") = "HackerFinder.Acceptance", "HackerFinder.Acceptance\HackerFinder.Acceptance.csproj", "{E34FDCC9-641D-457B-87FF-862D47FC7F55}"
EndProject
Project("{FAE04EC0-301F-11D3-BF4B-00C04F79EFBC}") = "HackerFinder.EndToEnd", "HackerFinder.EndToEnd\HackerFinder.EndToEnd.csproj", "{0CB125EE-6BB0-4B22-A530-5F04B19C9A9C}"
EndProject
Project("{FAE04EC0-301F-11D3-BF4B-00C04F79EFBC}") = "HackerFinder.Console", "HackerFinder.Console\HackerFinder.Console.csproj", "{5F9493B7-ABF9-471E-98A0-C43C6A7D45D1}"
EndProject
Project("{FAE04EC0-301F-11D3-BF4B-00C04F79EFBC}") = "HackerFinder.Console.Test", "HackerFinder.Console.Test\HackerFinder.Console.Test.csproj", "{126F32E7-3803-4FD0-A19C-86DD27F669E5}"
EndProject
Global
	GlobalSection(SolutionConfigurationPlatforms) = preSolution
		Debug|Any CPU = Debug|Any CPU
		Release|Any CPU = Release|Any CPU
	EndGlobalSection
	GlobalSection(ProjectConfigurationPlatforms) = postSolution
		{25DCCD64-4FCB-4A3A-A212-D53A83D77167}.Debug|Any CPU.ActiveCfg = Debug|Any CPU
		{25DCCD64-4FCB-4A3A-A212-D53A83D77167}.Debug|Any CPU.Build.0 = Debug|Any CPU
		{25DCCD64-4FCB-4A3A-A212-D53A83D77167}.Release|Any CPU.ActiveCfg = Release|Any CPU
		{25DCCD64-4FCB-4A3A-A212-D53A83D77167}.Release|Any CPU.Build.0 = Release|Any CPU
		{E58BE274-5901-4680-BC74-160240ABC906}.Debug|Any CPU.ActiveCfg = Debug|Any CPU
		{E58BE274-5901-4680-BC74-160240ABC906}.Debug|Any CPU.Build.0 = Debug|Any CPU
		{E58BE274-5901-4680-BC74-160240ABC906}.Release|Any CPU.ActiveCfg = Release|Any CPU
		{E58BE274-5901-4680-BC74-160240ABC906}.Release|Any CPU.Build.0 = Release|Any CPU
		{E34FDCC9-641D-457B-87FF-862D47FC7F55}.Debug|Any CPU.ActiveCfg = Debug|Any CPU
		{E34FDCC9-641D-457B-87FF-862D47FC7F55}.Debug|Any CPU.Build.0 = Debug|Any CPU
		{E34FDCC9-641D-457B-87FF-862D47FC7F55}.Release|Any CPU.ActiveCfg = Release|Any CPU
		{E34FDCC9-641D-457B-87FF-862D47FC7F55}.Release|Any CPU.Build.0 = Release|Any CPU
		{0CB125EE-6BB0-4B22-A530-5F04B19C9A9C}.Debug|Any CPU.ActiveCfg = Debug|Any CPU
		{0CB125EE-6BB0-4B22-A530-5F04B19C9A9C}.Debug|Any CPU.Build.0 = Debug|Any CPU
		{0CB125EE-6BB0-4B22-A530-5F04B19C9A9C}.Release|Any CPU.ActiveCfg = Release|Any CPU
		{0CB125EE-6BB0-4B22-A530-5F04B19C9A9C}.Release|Any CPU.Build.0 = Release|Any CPU
		{5F9493B7-ABF9-471E-98A0-C43C6A7D45D1}.Debug|Any CPU.ActiveCfg = Debug|Any CPU
		{5F9493B7-ABF9-471E-98A0-C43C6A7D45D1}.Debug|Any CPU.Build.0 = Debug|Any CPU
		{5F9493B7-ABF9-471E-98A0-C43C6A7D45D1}.Release|Any CPU.ActiveCfg = Release|Any CPU
		{5F9493B7-ABF9-471E-98A0-C43C6A7D45D1}.Release|Any CPU.Build.0 = Release|Any CPU
		{126F32E7-3803-4FD0-A19C-86DD27F669E5}.Debug|Any CPU.ActiveCfg = Debug|Any CPU
		{126F32E7-3803-4FD0-A19C-86DD27F669E5}.Debug|Any CPU.Build.0 = Debug|Any CPU
		{126F32E7-3803-4FD0-A19C-86DD27F669E5}.Release|Any CPU.ActiveCfg = Release|Any CPU
		{126F32E7-3803-4FD0-A19C-86DD27F669E5}.Release|Any CPU.Build.0 = Release|Any CPU
	EndGlobalSection
	GlobalSection(SolutionProperties) = preSolution
		HideSolutionNode = FALSE
	EndGlobalSection
EndGlobal
